
Microsoft Visual Studio Solution File, Format Version 12.00
Project("{FAE04EC0-301F-11D3-BF4B-00C04F79EFBC}") = "PrioritizationService", "PrioritizationService\PrioritizationService.csproj", "{EA46E08C-7858-4B4D-A127-46CFD7DD1BAE}"
EndProject
Global
	GlobalSection(SolutionConfigurationPlatforms) = preSolution
		Debug|Any CPU = Debug|Any CPU
		Release|Any CPU = Release|Any CPU
	EndGlobalSection
	GlobalSection(ProjectConfigurationPlatforms) = postSolution
		{EA46E08C-7858-4B4D-A127-46CFD7DD1BAE}.Debug|Any CPU.ActiveCfg = Debug|Any CPU
		{EA46E08C-7858-4B4D-A127-46CFD7DD1BAE}.Debug|Any CPU.Build.0 = Debug|Any CPU
		{EA46E08C-7858-4B4D-A127-46CFD7DD1BAE}.Release|Any CPU.ActiveCfg = Release|Any CPU
		{EA46E08C-7858-4B4D-A127-46CFD7DD1BAE}.Release|Any CPU.Build.0 = Release|Any CPU
	EndGlobalSection
EndGlobal
